Microsoft Visual Studio Solution File, Format Version 12.00
# Visual Studio Version 17
VisualStudioVersion = 17.5.2.0
MinimumVisualStudioVersion = 10.0.40219.1
Project("{2150E333-8FDC-42A3-9474-1A3956D46DE8}") = "CarExpanses", "CarExpanses", "{B32C7805-7E5A-3EA9-D3B1-997BA8C5AE17}"
EndProject
Project("{FAE04EC0-301F-11D3-BF4B-00C04F79EFBC}") = "CarExpanses", "CarExpanses\CarExpanses\CarExpanses.csproj", "{A5B6C132-ED6C-ABBE-FBF4-06AE5625A67F}"
EndProject
Global
	GlobalSection(SolutionConfigurationPlatforms) = preSolution
		Debug|Any CPU = Debug|Any CPU
		Release|Any CPU = Release|Any CPU
	EndGlobalSection
	GlobalSection(ProjectConfigurationPlatforms) = postSolution
		{A5B6C132-ED6C-ABBE-FBF4-06AE5625A67F}.Debug|Any CPU.ActiveCfg = Debug|Any CPU
		{A5B6C132-ED6C-ABBE-FBF4-06AE5625A67F}.Debug|Any CPU.Build.0 = Debug|Any CPU
		{A5B6C132-ED6C-ABBE-FBF4-06AE5625A67F}.Release|Any CPU.ActiveCfg = Release|Any CPU
		{A5B6C132-ED6C-ABBE-FBF4-06AE5625A67F}.Release|Any CPU.Build.0 = Release|Any CPU
	EndGlobalSection
	GlobalSection(SolutionProperties) = preSolution
		HideSolutionNode = FALSE
	EndGlobalSection
	GlobalSection(NestedProjects) = preSolution
		{A5B6C132-ED6C-ABBE-FBF4-06AE5625A67F} = {B32C7805-7E5A-3EA9-D3B1-997BA8C5AE17}
	EndGlobalSection
	GlobalSection(ExtensibilityGlobals) = postSolution
		SolutionGuid = {1D4393FC-5213-4FD6-B280-58FEF26AC8DD}
	EndGlobalSection
EndGlobal
